PODS:
  - Masonry (1.1.0)
  - SDWebImage (5.20.0):
    - SDWebImage/Core (= 5.20.0)
  - SDWebImage/Core (5.20.0)

DEPENDENCIES:
  - Masonry
  - SDWebImage

SPEC REPOS:
  trunk:
    - Masonry
    - SDWebImage

SPEC CHECKSUMS:
  Masonry: 678fab65091a9290e40e2832a55e7ab731aad201
  SDWebImage: 73c6079366fea25fa4bb9640d5fb58f0893facd8

PODFILE CHECKSUM: 211aecad9b1929c00484d7e4cc6688505d5ef343

COCOAPODS: 1.15.2
